
Microsoft Visual Studio Solution File, Format Version 12.00
# Visual Studio Version 17
VisualStudioVersion = 17.5.33516.290
MinimumVisualStudioVersion = 10.0.40219.1
Project("{FAE04EC0-301F-11D3-BF4B-00C04F79EFBC}") = "Calculadora", "Calculadora\Calculadora.csproj", "{3526BBE1-32CA-4A30-9623-BA82F1C92247}"
EndProject
Global
	GlobalSection(SolutionConfigurationPlatforms) = preSolution
		Debug|Any CPU = Debug|Any CPU
		Release|Any CPU = Release|Any CPU
	EndGlobalSection
	GlobalSection(ProjectConfigurationPlatforms) = postSolution
		{3526BBE1-32CA-4A30-9623-BA82F1C92247}.Debug|Any CPU.ActiveCfg = Debug|Any CPU
		{3526BBE1-32CA-4A30-9623-BA82F1C92247}.Debug|Any CPU.Build.0 = Debug|Any CPU
		{3526BBE1-32CA-4A30-9623-BA82F1C92247}.Release|Any CPU.ActiveCfg = Release|Any CPU
		{3526BBE1-32CA-4A30-9623-BA82F1C92247}.Release|Any CPU.Build.0 = Release|Any CPU
	EndGlobalSection
	GlobalSection(SolutionProperties) = preSolution
		HideSolutionNode = FALSE
	EndGlobalSection
	GlobalSection(ExtensibilityGlobals) = postSolution
		SolutionGuid = {95EBAA7B-D0CA-45CB-AF27-61A76CA09D3F}
	EndGlobalSection
EndGlobal
