
Microsoft Visual Studio Solution File, Format Version 12.00
# Visual Studio Version 17
VisualStudioVersion = 17.5.33516.290
MinimumVisualStudioVersion = 10.0.40219.1
Project("{FAE04EC0-301F-11D3-BF4B-00C04F79EFBC}") = "Controle", "Controle\Controle.csproj", "{F8DF3283-B782-48F6-B824-C552B476E1D9}"
EndProject
Global
	GlobalSection(SolutionConfigurationPlatforms) = preSolution
		Debug|Any CPU = Debug|Any CPU
		Release|Any CPU = Release|Any CPU
	EndGlobalSection
	GlobalSection(ProjectConfigurationPlatforms) = postSolution
		{F8DF3283-B782-48F6-B824-C552B476E1D9}.Debug|Any CPU.ActiveCfg = Debug|Any CPU
		{F8DF3283-B782-48F6-B824-C552B476E1D9}.Debug|Any CPU.Build.0 = Debug|Any CPU
		{F8DF3283-B782-48F6-B824-C552B476E1D9}.Release|Any CPU.ActiveCfg = Release|Any CPU
		{F8DF3283-B782-48F6-B824-C552B476E1D9}.Release|Any CPU.Build.0 = Release|Any CPU
	EndGlobalSection
	GlobalSection(SolutionProperties) = preSolution
		HideSolutionNode = FALSE
	EndGlobalSection
	GlobalSection(ExtensibilityGlobals) = postSolution
		SolutionGuid = {91A4DB8C-917F-4B92-B9AC-BD7919976212}
	EndGlobalSection
EndGlobal
